// !$*UTF8*$!
{
	archiveVersion = 1;
	classes = {
	};
	objectVersion = 46;
	objects = {

/* Begin PBXBuildFile section */
		3A868AB512E36D4CB52749F2 /* libPods-leanplumButtonUITests.a in Frameworks */ = {isa = PBXBuildFile; fileRef = 040587610D8DE59C19604064 /* libPods-leanplumButtonUITests.a */; };
		A762C4791D95C581009B9BFB /* main.m in Sources */ = {isa = PBXBuildFile; fileRef = A762C4781D95C581009B9BFB /* main.m */; };
		A762C47C1D95C581009B9BFB /* AppDelegate.m in Sources */ = {isa = PBXBuildFile; fileRef = A762C47B1D95C581009B9BFB /* AppDelegate.m */; };
		A762C47F1D95C581009B9BFB /* ViewController.m in Sources */ = {isa = PBXBuildFile; fileRef = A762C47E1D95C581009B9BFB /* ViewController.m */; };
		A762C4821D95C582009B9BFB /* Main.storyboard in Resources */ = {isa = PBXBuildFile; fileRef = A762C4801D95C582009B9BFB /* Main.storyboard */; };
		A762C4841D95C582009B9BFB /* Assets.xcassets in Resources */ = {isa = PBXBuildFile; fileRef = A762C4831D95C582009B9BFB /* Assets.xcassets */; };
		A762C4871D95C582009B9BFB /* LaunchScreen.storyboard in Resources */ = {isa = PBXBuildFile; fileRef = A762C4851D95C582009B9BFB /* LaunchScreen.storyboard */; };
		A762C4921D95C582009B9BFB /* leanplumButtonTests.m in Sources */ = {isa = PBXBuildFile; fileRef = A762C4911D95C582009B9BFB /* leanplumButtonTests.m */; };
		A762C49D1D95C582009B9BFB /* leanplumButtonUITests.m in Sources */ = {isa = PBXBuildFile; fileRef = A762C49C1D95C582009B9BFB /* leanplumButtonUITests.m */; };
		F4D1746767E559578DCCD6EF /* libPods-leanplumButton.a in Frameworks */ = {isa = PBXBuildFile; fileRef = C11C220B8701DD7CD9B9EA30 /* libPods-leanplumButton.a */; };
		F694C89DD7A96C320D8DC1A6 /* libPods-leanplumButtonTests.a in Frameworks */ = {isa = PBXBuildFile; fileRef = 5D83FDCF1978B969C0C2D5C7 /* libPods-leanplumButtonTests.a */; };
/* End PBXBuildFile section */

/* Begin PBXContainerItemProxy section */
		A762C48E1D95C582009B9BFB /* PBXContainerItemProxy */ = {
			isa = PBXContainerItemProxy;
			containerPortal = A762C46C1D95C581009B9BFB /* Project object */;
			proxyType = 1;
			remoteGlobalIDString = A762C4731D95C581009B9BFB;
			remoteInfo = leanplumButton;
		};
		A762C4991D95C582009B9BFB /* PBXContainerItemProxy */ = {
			isa = PBXContainerItemProxy;
			containerPortal = A762C46C1D95C581009B9BFB /* Project object */;
			proxyType = 1;
			remoteGlobalIDString = A762C4731D95C581009B9BFB;
			remoteInfo = leanplumButton;
		};
/* End PBXContainerItemProxy section */

/* Begin PBXFileReference section */
		040587610D8DE59C19604064 /* libPods-leanplumButtonUITests.a */ = {isa = PBXFileReference; explicitFileType = archive.ar; includeInIndex = 0; path = "libPods-leanplumButtonUITests.a"; sourceTree = BUILT_PRODUCTS_DIR; };
		1EB531E03B08F590F34704C7 /* Pods-leanplumButtonUITests.debug.xcconfig */ = {isa = PBXFileReference; includeInIndex = 1; lastKnownFileType = text.xcconfig; name = "Pods-leanplumButtonUITests.debug.xcconfig"; path = "Pods/Target Support Files/Pods-leanplumButtonUITests/Pods-leanplumButtonUITests.debug.xcconfig"; sourceTree = "<group>"; };
		5D6292831CB00E5BBBECC3C4 /* Pods-leanplumButtonUITests.release.xcconfig */ = {isa = PBXFileReference; includeInIndex = 1; lastKnownFileType = text.xcconfig; name = "Pods-leanplumButtonUITests.release.xcconfig"; path = "Pods/Target Support Files/Pods-leanplumButtonUITests/Pods-leanplumButtonUITests.release.xcconfig"; sourceTree = "<group>"; };
		5D83FDCF1978B969C0C2D5C7 /* libPods-leanplumButtonTests.a */ = {isa = PBXFileReference; explicitFileType = archive.ar; includeInIndex = 0; path = "libPods-leanplumButtonTests.a"; sourceTree = BUILT_PRODUCTS_DIR; };
		6980F1C11310345CD330544C /* Pods-leanplumButton.debug.xcconfig */ = {isa = PBXFileReference; includeInIndex = 1; lastKnownFileType = text.xcconfig; name = "Pods-leanplumButton.debug.xcconfig"; path = "Pods/Target Support Files/Pods-leanplumButton/Pods-leanplumButton.debug.xcconfig"; sourceTree = "<group>"; };
		6EFA2EEE50A89BFE01A7346E /* Pods-leanplumButtonTests.release.xcconfig */ = {isa = PBXFileReference; includeInIndex = 1; lastKnownFileType = text.xcconfig; name = "Pods-leanplumButtonTests.release.xcconfig"; path = "Pods/Target Support Files/Pods-leanplumButtonTests/Pods-leanplumButtonTests.release.xcconfig"; sourceTree = "<group>"; };
		A762C4741D95C581009B9BFB /* leanplumButton.app */ = {isa = PBXFileReference; explicitFileType = wrapper.application; includeInIndex = 0; path = leanplumButton.app; sourceTree = BUILT_PRODUCTS_DIR; };
		A762C4781D95C581009B9BFB /* main.m */ = {isa = PBXFileReference; lastKnownFileType = sourcecode.c.objc; path = main.m; sourceTree = "<group>"; };
		A762C47A1D95C581009B9BFB /* AppDelegate.h */ = {isa = PBXFileReference; lastKnownFileType = sourcecode.c.h; path = AppDelegate.h; sourceTree = "<group>"; };
		A762C47B1D95C581009B9BFB /* AppDelegate.m */ = {isa = PBXFileReference; lastKnownFileType = sourcecode.c.objc; path = AppDelegate.m; sourceTree = "<group>"; };
		A762C47D1D95C581009B9BFB /* ViewController.h */ = {isa = PBXFileReference; lastKnownFileType = sourcecode.c.h; path = ViewController.h; sourceTree = "<group>"; };
		A762C47E1D95C581009B9BFB /* ViewController.m */ = {isa = PBXFileReference; lastKnownFileType = sourcecode.c.objc; path = ViewController.m; sourceTree = "<group>"; };
		A762C4811D95C582009B9BFB /* Base */ = {isa = PBXFileReference; lastKnownFileType = file.storyboard; name = Base; path = Base.lproj/Main.storyboard; sourceTree = "<group>"; };
		A762C4831D95C582009B9BFB /* Assets.xcassets */ = {isa = PBXFileReference; lastKnownFileType = folder.assetcatalog; path = Assets.xcassets; sourceTree = "<group>"; };
		A762C4861D95C582009B9BFB /* Base */ = {isa = PBXFileReference; lastKnownFileType = file.storyboard; name = Base; path = Base.lproj/LaunchScreen.storyboard; sourceTree = "<group>"; };
		A762C4881D95C582009B9BFB /* Info.plist */ = {isa = PBXFileReference; lastKnownFileType = text.plist.xml; path = Info.plist; sourceTree = "<group>"; };
		A762C48D1D95C582009B9BFB /* leanplumButtonTests.xctest */ = {isa = PBXFileReference; explicitFileType = wrapper.cfbundle; includeInIndex = 0; path = leanplumButtonTests.xctest; sourceTree = BUILT_PRODUCTS_DIR; };
		A762C4911D95C582009B9BFB /* leanplumButtonTests.m */ = {isa = PBXFileReference; lastKnownFileType = sourcecode.c.objc; path = leanplumButtonTests.m; sourceTree = "<group>"; };
		A762C4931D95C582009B9BFB /* Info.plist */ = {isa = PBXFileReference; lastKnownFileType = text.plist.xml; path = Info.plist; sourceTree = "<group>"; };
		A762C4981D95C582009B9BFB /* leanplumButtonUITests.xctest */ = {isa = PBXFileReference; explicitFileType = wrapper.cfbundle; includeInIndex = 0; path = leanplumButtonUITests.xctest; sourceTree = BUILT_PRODUCTS_DIR; };
		A762C49C1D95C582009B9BFB /* leanplumButtonUITests.m */ = {isa = PBXFileReference; lastKnownFileType = sourcecode.c.objc; path = leanplumButtonUITests.m; sourceTree = "<group>"; };
		A762C49E1D95C582009B9BFB /* Info.plist */ = {isa = PBXFileReference; lastKnownFileType = text.plist.xml; path = Info.plist; sourceTree = "<group>"; };
		C11C220B8701DD7CD9B9EA30 /* libPods-leanplumButton.a */ = {isa = PBXFileReference; explicitFileType = archive.ar; includeInIndex = 0; path = "libPods-leanplumButton.a"; sourceTree = BUILT_PRODUCTS_DIR; };
		D8459297F2E51FFF25F71F2D /* Pods-leanplumButton.release.xcconfig */ = {isa = PBXFileReference; includeInIndex = 1; lastKnownFileType = text.xcconfig; name = "Pods-leanplumButton.release.xcconfig"; path = "Pods/Target Support Files/Pods-leanplumButton/Pods-leanplumButton.release.xcconfig"; sourceTree = "<group>"; };
		FAE6F0E25A14261BBFCCEA1B /* Pods-leanplumButtonTests.debug.xcconfig */ = {isa = PBXFileReference; includeInIndex = 1; lastKnownFileType = text.xcconfig; name = "Pods-leanplumButtonTests.debug.xcconfig"; path = "Pods/Target Support Files/Pods-leanplumButtonTests/Pods-leanplumButtonTests.debug.xcconfig"; sourceTree = "<group>"; };
/* End PBXFileReference section */

/* Begin PBXFrameworksBuildPhase section */
		A762C4711D95C581009B9BFB /* Frameworks */ = {
			isa = PBXFrameworksBuildPhase;
			buildActionMask = 2147483647;
			files = (
				F4D1746767E559578DCCD6EF /* libPods-leanplumButton.a in Frameworks */,
			);
			runOnlyForDeploymentPostprocessing = 0;
		};
		A762C48A1D95C582009B9BFB /* Frameworks */ = {
			isa = PBXFrameworksBuildPhase;
			buildActionMask = 2147483647;
			files = (
				F694C89DD7A96C320D8DC1A6 /* libPods-leanplumButtonTests.a in Frameworks */,
			);
			runOnlyForDeploymentPostprocessing = 0;
		};
		A762C4951D95C582009B9BFB /* Frameworks */ = {
			isa = PBXFrameworksBuildPhase;
			buildActionMask = 2147483647;
			files = (
				3A868AB512E36D4CB52749F2 /* libPods-leanplumButtonUITests.a in Frameworks */,
			);
			runOnlyForDeploymentPostprocessing = 0;
		};
/* End PBXFrameworksBuildPhase section */

/* Begin PBXGroup section */
		14ECDF2F4F0C721ECD1B3B0D /* Frameworks */ = {
			isa = PBXGroup;
			children = (
				C11C220B8701DD7CD9B9EA30 /* libPods-leanplumButton.a */,
				5D83FDCF1978B969C0C2D5C7 /* libPods-leanplumButtonTests.a */,
				040587610D8DE59C19604064 /* libPods-leanplumButtonUITests.a */,
			);
			name = Frameworks;
			sourceTree = "<group>";
		};
		A762C46B1D95C581009B9BFB = {
			isa = PBXGroup;
			children = (
				A762C4761D95C581009B9BFB /* leanplumButton */,
				A762C4901D95C582009B9BFB /* leanplumButtonTests */,
				A762C49B1D95C582009B9BFB /* leanplumButtonUITests */,
				A762C4751D95C581009B9BFB /* Products */,
				E13E0623E4276B4C4CFBDF02 /* Pods */,
				14ECDF2F4F0C721ECD1B3B0D /* Frameworks */,
			);
			sourceTree = "<group>";
		};
		A762C4751D95C581009B9BFB /* Products */ = {
			isa = PBXGroup;
			children = (
				A762C4741D95C581009B9BFB /* leanplumButton.app */,
				A762C48D1D95C582009B9BFB /* leanplumButtonTests.xctest */,
				A762C4981D95C582009B9BFB /* leanplumButtonUITests.xctest */,
			);
			name = Products;
			sourceTree = "<group>";
		};
		A762C4761D95C581009B9BFB /* leanplumButton */ = {
			isa = PBXGroup;
			children = (
				A762C47A1D95C581009B9BFB /* AppDelegate.h */,
				A762C47B1D95C581009B9BFB /* AppDelegate.m */,
				A762C47D1D95C581009B9BFB /* ViewController.h */,
				A762C47E1D95C581009B9BFB /* ViewController.m */,
				A762C4801D95C582009B9BFB /* Main.storyboard */,
				A762C4831D95C582009B9BFB /* Assets.xcassets */,
				A762C4851D95C582009B9BFB /* LaunchScreen.storyboard */,
				A762C4881D95C582009B9BFB /* Info.plist */,
				A762C4771D95C581009B9BFB /* Supporting Files */,
			);
			path = leanplumButton;
			sourceTree = "<group>";
		};
		A762C4771D95C581009B9BFB /* Supporting Files */ = {
			isa = PBXGroup;
			children = (
				A762C4781D95C581009B9BFB /* main.m */,
			);
			name = "Supporting Files";
			sourceTree = "<group>";
		};
		A762C4901D95C582009B9BFB /* leanplumButtonTests */ = {
			isa = PBXGroup;
			children = (
				A762C4911D95C582009B9BFB /* leanplumButtonTests.m */,
				A762C4931D95C582009B9BFB /* Info.plist */,
			);
			path = leanplumButtonTests;
			sourceTree = "<group>";
		};
		A762C49B1D95C582009B9BFB /* leanplumButtonUITests */ = {
			isa = PBXGroup;
			children = (
				A762C49C1D95C582009B9BFB /* leanplumButtonUITests.m */,
				A762C49E1D95C582009B9BFB /* Info.plist */,
			);
			path = leanplumButtonUITests;
			sourceTree = "<group>";
		};
		E13E0623E4276B4C4CFBDF02 /* Pods */ = {
			isa = PBXGroup;
			children = (
				6980F1C11310345CD330544C /* Pods-leanplumButton.debug.xcconfig */,
				D8459297F2E51FFF25F71F2D /* Pods-leanplumButton.release.xcconfig */,
				FAE6F0E25A14261BBFCCEA1B /* Pods-leanplumButtonTests.debug.xcconfig */,
				6EFA2EEE50A89BFE01A7346E /* Pods-leanplumButtonTests.release.xcconfig */,
				1EB531E03B08F590F34704C7 /* Pods-leanplumButtonUITests.debug.xcconfig */,
				5D6292831CB00E5BBBECC3C4 /* Pods-leanplumButtonUITests.release.xcconfig */,
			);
			name = Pods;
			sourceTree = "<group>";
		};
/* End PBXGroup section */

/* Begin PBXNativeTarget section */
		A762C4731D95C581009B9BFB /* leanplumButton */ = {
			isa = PBXNativeTarget;
			buildConfigurationList = A762C4A11D95C582009B9BFB /* Build configuration list for PBXNativeTarget "leanplumButton" */;
			buildPhases = (
				2F396A06E75D121A8F8E12D8 /* [CP] Check Pods Manifest.lock */,
				A762C4701D95C581009B9BFB /* Sources */,
				A762C4711D95C581009B9BFB /* Frameworks */,
				A762C4721D95C581009B9BFB /* Resources */,
				33F0270EE64A63AFA18074DB /* [CP] Embed Pods Frameworks */,
				1F885E3C0AC03122631E19D6 /* [CP] Copy Pods Resources */,
			);
			buildRules = (
			);
			dependencies = (
			);
			name = leanplumButton;
			productName = leanplumButton;
			productReference = A762C4741D95C581009B9BFB /* leanplumButton.app */;
			productType = "com.apple.product-type.application";
		};
		A762C48C1D95C582009B9BFB /* leanplumButtonTests */ = {
			isa = PBXNativeTarget;
			buildConfigurationList = A762C4A41D95C582009B9BFB /* Build configuration list for PBXNativeTarget "leanplumButtonTests" */;
			buildPhases = (
				7CD6EE9F0CC99035F2D6C2B9 /* [CP] Check Pods Manifest.lock */,
				A762C4891D95C582009B9BFB /* Sources */,
				A762C48A1D95C582009B9BFB /* Frameworks */,
				A762C48B1D95C582009B9BFB /* Resources */,
				BA3B02A7B91094DE7DE4C98E /* [CP] Embed Pods Frameworks */,
				85A5A597975AA946709CD754 /* [CP] Copy Pods Resources */,
			);
			buildRules = (
			);
			dependencies = (
				A762C48F1D95C582009B9BFB /* PBXTargetDependency */,
			);
			name = leanplumButtonTests;
			productName = leanplumButtonTests;
			productReference = A762C48D1D95C582009B9BFB /* leanplumButtonTests.xctest */;
			productType = "com.apple.product-type.bundle.unit-test";
		};
		A762C4971D95C582009B9BFB /* leanplumButtonUITests */ = {
			isa = PBXNativeTarget;
			buildConfigurationList = A762C4A71D95C582009B9BFB /* Build configuration list for PBXNativeTarget "leanplumButtonUITests" */;
			buildPhases = (
				CC38DB349FA14522BE4B981B /* [CP] Check Pods Manifest.lock */,
				A762C4941D95C582009B9BFB /* Sources */,
				A762C4951D95C582009B9BFB /* Frameworks */,
				A762C4961D95C582009B9BFB /* Resources */,
				0D2ED3204F9362B0FB7BFCB0 /* [CP] Copy Pods Resources */,
			);
			buildRules = (
			);
			dependencies = (
				A762C49A1D95C582009B9BFB /* PBXTargetDependency */,
			);
			name = leanplumButtonUITests;
			productName = leanplumButtonUITests;
			productReference = A762C4981D95C582009B9BFB /* leanplumButtonUITests.xctest */;
			productType = "com.apple.product-type.bundle.ui-testing";
		};
/* End PBXNativeTarget section */

/* Begin PBXProject section */
		A762C46C1D95C581009B9BFB /* Project object */ = {
			isa = PBXProject;
			attributes = {
				LastUpgradeCheck = 0730;
				ORGANIZATIONNAME = "Thomas Wolfe";
				TargetAttributes = {
					A762C4731D95C581009B9BFB = {
						CreatedOnToolsVersion = 7.3.1;
					};
					A762C48C1D95C582009B9BFB = {
						CreatedOnToolsVersion = 7.3.1;
						TestTargetID = A762C4731D95C581009B9BFB;
					};
					A762C4971D95C582009B9BFB = {
						CreatedOnToolsVersion = 7.3.1;
						TestTargetID = A762C4731D95C581009B9BFB;
					};
				};
			};
			buildConfigurationList = A762C46F1D95C581009B9BFB /* Build configuration list for PBXProject "leanplumButton" */;
			compatibilityVersion = "Xcode 3.2";
			developmentRegion = English;
			hasScannedForEncodings = 0;
			knownRegions = (
				en,
				Base,
			);
			mainGroup = A762C46B1D95C581009B9BFB;
			productRefGroup = A762C4751D95C581009B9BFB /* Products */;
			projectDirPath = "";
			projectRoot = "";
			targets = (
				A762C4731D95C581009B9BFB /* leanplumButton */,
				A762C48C1D95C582009B9BFB /* leanplumButtonTests */,
				A762C4971D95C582009B9BFB /* leanplumButtonUITests */,
			);
		};
/* End PBXProject section */

/* Begin PBXResourcesBuildPhase section */
		A762C4721D95C581009B9BFB /* Resources */ = {
			isa = PBXResourcesBuildPhase;
			buildActionMask = 2147483647;
			files = (
				A762C4871D95C582009B9BFB /* LaunchScreen.storyboard in Resources */,
				A762C4841D95C582009B9BFB /* Assets.xcassets in Resources */,
				A762C4821D95C582009B9BFB /* Main.storyboard in Resources */,
			);
			runOnlyForDeploymentPostprocessing = 0;
		};
		A762C48B1D95C582009B9BFB /* Resources */ = {
			isa = PBXResourcesBuildPhase;
			buildActionMask = 2147483647;
			files = (
			);
			runOnlyForDeploymentPostprocessing = 0;
		};
		A762C4961D95C582009B9BFB /* Resources */ = {
			isa = PBXResourcesBuildPhase;
			buildActionMask = 2147483647;
			files = (
			);
			runOnlyForDeploymentPostprocessing = 0;
		};
/* End PBXResourcesBuildPhase section */

/* Begin PBXShellScriptBuildPhase section */
		0D2ED3204F9362B0FB7BFCB0 /* [CP] Copy Pods Resources */ = {
			isa = PBXShellScriptBuildPhase;
			buildActionMask = 2147483647;
			files = (
			);
			inputPaths = (
			);
			name = "[CP] Copy Pods Resources";
			outputPaths = (
			);
			runOnlyForDeploymentPostprocessing = 0;
			shellPath = /bin/sh;
			shellScript = "\"${SRCROOT}/Pods/Target Support Files/Pods-leanplumButtonUITests/Pods-leanplumButtonUITests-resources.sh\"\n";
			showEnvVarsInLog = 0;
		};
		1F885E3C0AC03122631E19D6 /* [CP] Copy Pods Resources */ = {
			isa = PBXShellScriptBuildPhase;
			buildActionMask = 2147483647;
			files = (
			);
			inputPaths = (
			);
			name = "[CP] Copy Pods Resources";
			outputPaths = (
			);
			runOnlyForDeploymentPostprocessing = 0;
			shellPath = /bin/sh;
			shellScript = "\"${SRCROOT}/Pods/Target Support Files/Pods-leanplumButton/Pods-leanplumButton-resources.sh\"\n";
			showEnvVarsInLog = 0;
		};
		2F396A06E75D121A8F8E12D8 /* [CP] Check Pods Manifest.lock */ = {
			isa = PBXShellScriptBuildPhase;
			buildActionMask = 2147483647;
			files = (
			);
			inputPaths = (
			);
			name = "[CP] Check Pods Manifest.lock";
			outputPaths = (
			);
			runOnlyForDeploymentPostprocessing = 0;
			shellPath = /bin/sh;
			shellScript = "diff \"${PODS_ROOT}/../Podfile.lock\" \"${PODS_ROOT}/Manifest.lock\" > /dev/null\nif [[ $? != 0 ]] ; then\n    cat << EOM\nerror: The sandbox is not in sync with the Podfile.lock. Run 'pod install' or update your CocoaPods installation.\nEOM\n    exit 1\nfi\n";
			showEnvVarsInLog = 0;
		};
		33F0270EE64A63AFA18074DB /* [CP] Embed Pods Frameworks */ = {
			isa = PBXShellScriptBuildPhase;
			buildActionMask = 2147483647;
			files = (
			);
			inputPaths = (
			);
			name = "[CP] Embed Pods Frameworks";
			outputPaths = (
			);
			runOnlyForDeploymentPostprocessing = 0;
			shellPath = /bin/sh;
			shellScript = "\"${SRCROOT}/Pods/Target Support Files/Pods-leanplumButton/Pods-leanplumButton-frameworks.sh\"\n";
			showEnvVarsInLog = 0;
		};
		7CD6EE9F0CC99035F2D6C2B9 /* [CP] Check Pods Manifest.lock */ = {
			isa = PBXShellScriptBuildPhase;
			buildActionMask = 2147483647;
			files = (
			);
			inputPaths = (
			);
			name = "[CP] Check Pods Manifest.lock";
			outputPaths = (
			);
			runOnlyForDeploymentPostprocessing = 0;
			shellPath = /bin/sh;
			shellScript = "diff \"${PODS_ROOT}/../Podfile.lock\" \"${PODS_ROOT}/Manifest.lock\" > /dev/null\nif [[ $? != 0 ]] ; then\n    cat << EOM\nerror: The sandbox is not in sync with the Podfile.lock. Run 'pod install' or update your CocoaPods installation.\nEOM\n    exit 1\nfi\n";
			showEnvVarsInLog = 0;
		};
		85A5A597975AA946709CD754 /* [CP] Copy Pods Resources */ = {
			isa = PBXShellScriptBuildPhase;
			buildActionMask = 2147483647;
			files = (
			);
			inputPaths = (
			);
			name = "[CP] Copy Pods Resources";
			outputPaths = (
			);
			runOnlyForDeploymentPostprocessing = 0;
			shellPath = /bin/sh;
			shellScript = "\"${SRCROOT}/Pods/Target Support Files/Pods-leanplumButtonTests/Pods-leanplumButtonTests-resources.sh\"\n";
			showEnvVarsInLog = 0;
		};
		BA3B02A7B91094DE7DE4C98E /* [CP] Embed Pods Frameworks */ = {
			isa = PBXShellScriptBuildPhase;
			buildActionMask = 2147483647;
			files = (
			);
			inputPaths = (
			);
			name = "[CP] Embed Pods Frameworks";
			outputPaths = (
			);
			runOnlyForDeploymentPostprocessing = 0;
			shellPath = /bin/sh;
			shellScript = "\"${SRCROOT}/Pods/Target Support Files/Pods-leanplumButtonTests/Pods-leanplumButtonTests-frameworks.sh\"\n";
			showEnvVarsInLog = 0;
		};
		CC38DB349FA14522BE4B981B /* [CP] Check Pods Manifest.lock */ = {
			isa = PBXShellScriptBuildPhase;
			buildActionMask = 2147483647;
			files = (
			);
			inputPaths = (
			);
			name = "[CP] Check Pods Manifest.lock";
			outputPaths = (
			);
			runOnlyForDeploymentPostprocessing = 0;
			shellPath = /bin/sh;
			shellScript = "diff \"${PODS_ROOT}/../Podfile.lock\" \"${PODS_ROOT}/Manifest.lock\" > /dev/null\nif [[ $? != 0 ]] ; then\n    cat << EOM\nerror: The sandbox is not in sync with the Podfile.lock. Run 'pod install' or update your CocoaPods installation.\nEOM\n    exit 1\nfi\n";
			showEnvVarsInLog = 0;
		};
/* End PBXShellScriptBuildPhase section */

/* Begin PBXSourcesBuildPhase section */
		A762C4701D95C581009B9BFB /* Sources */ = {
			isa = PBXSourcesBuildPhase;
			buildActionMask = 2147483647;
			files = (
				A762C47F1D95C581009B9BFB /* ViewController.m in Sources */,
				A762C47C1D95C581009B9BFB /* AppDelegate.m in Sources */,
				A762C4791D95C581009B9BFB /* main.m in Sources */,
			);
			runOnlyForDeploymentPostprocessing = 0;
		};
		A762C4891D95C582009B9BFB /* Sources */ = {
			isa = PBXSourcesBuildPhase;
			buildActionMask = 2147483647;
			files = (
				A762C4921D95C582009B9BFB /* leanplumButtonTests.m in Sources */,
			);
			runOnlyForDeploymentPostprocessing = 0;
		};
		A762C4941D95C582009B9BFB /* Sources */ = {
			isa = PBXSourcesBuildPhase;
			buildActionMask = 2147483647;
			files = (
				A762C49D1D95C582009B9BFB /* leanplumButtonUITests.m in Sources */,
			);
			runOnlyForDeploymentPostprocessing = 0;
		};
/* End PBXSourcesBuildPhase section */

/* Begin PBXTargetDependency section */
		A762C48F1D95C582009B9BFB /* PBXTargetDependency */ = {
			isa = PBXTargetDependency;
			target = A762C4731D95C581009B9BFB /* leanplumButton */;
			targetProxy = A762C48E1D95C582009B9BFB /* PBXContainerItemProxy */;
		};
		A762C49A1D95C582009B9BFB /* PBXTargetDependency */ = {
			isa = PBXTargetDependency;
			target = A762C4731D95C581009B9BFB /* leanplumButton */;
			targetProxy = A762C4991D95C582009B9BFB /* PBXContainerItemProxy */;
		};
/* End PBXTargetDependency section */

/* Begin PBXVariantGroup section */
		A762C4801D95C582009B9BFB /* Main.storyboard */ = {
			isa = PBXVariantGroup;
			children = (
				A762C4811D95C582009B9BFB /* Base */,
			);
			name = Main.storyboard;
			sourceTree = "<group>";
		};
		A762C4851D95C582009B9BFB /* LaunchScreen.storyboard */ = {
			isa = PBXVariantGroup;
			children = (
				A762C4861D95C582009B9BFB /* Base */,
			);
			name = LaunchScreen.storyboard;
			sourceTree = "<group>";
		};
/* End PBXVariantGroup section */

/* Begin XCBuildConfiguration section */
		A762C49F1D95C582009B9BFB /* Debug */ = {
			isa = XCBuildConfiguration;
			buildSettings = {
				ALWAYS_SEARCH_USER_PATHS = NO;
				CLANG_ANALYZER_NONNULL = YES;
				CLANG_CXX_LANGUAGE_STANDARD = "gnu++0x";
				CLANG_CXX_LIBRARY = "libc++";
				CLANG_ENABLE_MODULES = YES;
				CLANG_ENABLE_OBJC_ARC = YES;
				CLANG_WARN_BOOL_CONVERSION = YES;
				CLANG_WARN_CONSTANT_CONVERSION = YES;
				CLANG_WARN_DIRECT_OBJC_ISA_USAGE = YES_ERROR;
				CLANG_WARN_EMPTY_BODY = YES;
				CLANG_WARN_ENUM_CONVERSION = YES;
				CLANG_WARN_INT_CONVERSION = YES;
				CLANG_WARN_OBJC_ROOT_CLASS = YES_ERROR;
				CLANG_WARN_UNREACHABLE_CODE = YES;
				CLANG_WARN__DUPLICATE_METHOD_MATCH = YES;
				"CODE_SIGN_IDENTITY[sdk=iphoneos*]" = "iPhone Developer";
				COPY_PHASE_STRIP = NO;
				DEBUG_INFORMATION_FORMAT = dwarf;
				ENABLE_STRICT_OBJC_MSGSEND = YES;
				ENABLE_TESTABILITY = YES;
				GCC_C_LANGUAGE_STANDARD = gnu99;
				GCC_DYNAMIC_NO_PIC = NO;
				GCC_NO_COMMON_BLOCKS = YES;
				GCC_OPTIMIZATION_LEVEL = 0;
				GCC_PREPROCESSOR_DEFINITIONS = (
					"DEBUG=1",
					"$(inherited)",
				);
				GCC_WARN_64_TO_32_BIT_CONVERSION = YES;
				GCC_WARN_ABOUT_RETURN_TYPE = YES_ERROR;
				GCC_WARN_UNDECLARED_SELECTOR = YES;
				GCC_WARN_UNINITIALIZED_AUTOS = YES_AGGRESSIVE;
				GCC_WARN_UNUSED_FUNCTION = YES;
				GCC_WARN_UNUSED_VARIABLE = YES;
				IPHONEOS_DEPLOYMENT_TARGET = 9.3;
				MTL_ENABLE_DEBUG_INFO = YES;
				ONLY_ACTIVE_ARCH = YES;
				SDKROOT = iphoneos;
			};
			name = Debug;
		};
		A762C4A01D95C582009B9BFB /* Release */ = {
			isa = XCBuildConfiguration;
			buildSettings = {
				ALWAYS_SEARCH_USER_PATHS = NO;
				CLANG_ANALYZER_NONNULL = YES;
				CLANG_CXX_LANGUAGE_STANDARD = "gnu++0x";
				CLANG_CXX_LIBRARY = "libc++";
				CLANG_ENABLE_MODULES = YES;
				CLANG_ENABLE_OBJC_ARC = YES;
				CLANG_WARN_BOOL_CONVERSION = YES;
				CLANG_WARN_CONSTANT_CONVERSION = YES;
				CLANG_WARN_DIRECT_OBJC_ISA_USAGE = YES_ERROR;
				CLANG_WARN_EMPTY_BODY = YES;
				CLANG_WARN_ENUM_CONVERSION = YES;
				CLANG_WARN_INT_CONVERSION = YES;
				CLANG_WARN_OBJC_ROOT_CLASS = YES_ERROR;
				CLANG_WARN_UNREACHABLE_CODE = YES;
				CLANG_WARN__DUPLICATE_METHOD_MATCH = YES;
				"CODE_SIGN_IDENTITY[sdk=iphoneos*]" = "iPhone Developer";
				COPY_PHASE_STRIP = NO;
				DEBUG_INFORMATION_FORMAT = "dwarf-with-dsym";
				ENABLE_NS_ASSERTIONS = NO;
				ENABLE_STRICT_OBJC_MSGSEND = YES;
				GCC_C_LANGUAGE_STANDARD = gnu99;
				GCC_NO_COMMON_BLOCKS = YES;
				GCC_WARN_64_TO_32_BIT_CONVERSION = YES;
				GCC_WARN_ABOUT_RETURN_TYPE = YES_ERROR;
				GCC_WARN_UNDECLARED_SELECTOR = YES;
				GCC_WARN_UNINITIALIZED_AUTOS = YES_AGGRESSIVE;
				GCC_WARN_UNUSED_FUNCTION = YES;
				GCC_WARN_UNUSED_VARIABLE = YES;
				IPHONEOS_DEPLOYMENT_TARGET = 9.3;
				MTL_ENABLE_DEBUG_INFO = NO;
				SDKROOT = iphoneos;
				VALIDATE_PRODUCT = YES;
			};
			name = Release;
		};
		A762C4A21D95C582009B9BFB /* Debug */ = {
			isa = XCBuildConfiguration;
			baseConfigurationReference = 6980F1C11310345CD330544C /* Pods-leanplumButton.debug.xcconfig */;
			buildSettings = {
				ASSETCATALOG_COMPILER_APPICON_NAME = AppIcon;
				INFOPLIST_FILE = leanplumButton/Info.plist;
				LD_RUNPATH_SEARCH_PATHS = "$(inherited) @executable_path/Frameworks";
				PRODUCT_BUNDLE_IDENTIFIER = thomas.wolfe.leanplumButton;
				PRODUCT_NAME = "$(TARGET_NAME)";
			};
			name = Debug;
		};
		A762C4A31D95C582009B9BFB /* Release */ = {
			isa = XCBuildConfiguration;
			baseConfigurationReference = D8459297F2E51FFF25F71F2D /* Pods-leanplumButton.release.xcconfig */;
			buildSettings = {
				ASSETCATALOG_COMPILER_APPICON_NAME = AppIcon;
				INFOPLIST_FILE = leanplumButton/Info.plist;
				LD_RUNPATH_SEARCH_PATHS = "$(inherited) @executable_path/Frameworks";
				PRODUCT_BUNDLE_IDENTIFIER = thomas.wolfe.leanplumButton;
				PRODUCT_NAME = "$(TARGET_NAME)";
			};
			name = Release;
		};
		A762C4A51D95C582009B9BFB /* Debug */ = {
			isa = XCBuildConfiguration;
			baseConfigurationReference = FAE6F0E25A14261BBFCCEA1B /* Pods-leanplumButtonTests.debug.xcconfig */;
			buildSettings = {
				BUNDLE_LOADER = "$(TEST_HOST)";
				INFOPLIST_FILE = leanplumButtonTests/Info.plist;
				LD_RUNPATH_SEARCH_PATHS = "$(inherited) @executable_path/Frameworks @loader_path/Frameworks";
				PRODUCT_BUNDLE_IDENTIFIER = thomas.wolfe.leanplumButtonTests;
				PRODUCT_NAME = "$(TARGET_NAME)";
				TEST_HOST = "$(BUILT_PRODUCTS_DIR)/leanplumButton.app/leanplumButton";
			};
			name = Debug;
		};
		A762C4A61D95C582009B9BFB /* Release */ = {
			isa = XCBuildConfiguration;
			baseConfigurationReference = 6EFA2EEE50A89BFE01A7346E /* Pods-leanplumButtonTests.release.xcconfig */;
			buildSettings = {
				BUNDLE_LOADER = "$(TEST_HOST)";
				INFOPLIST_FILE = leanplumButtonTests/Info.plist;
				LD_RUNPATH_SEARCH_PATHS = "$(inherited) @executable_path/Frameworks @loader_path/Frameworks";
				PRODUCT_BUNDLE_IDENTIFIER = thomas.wolfe.leanplumButtonTests;
				PRODUCT_NAME = "$(TARGET_NAME)";
				TEST_HOST = "$(BUILT_PRODUCTS_DIR)/leanplumButton.app/leanplumButton";
			};
			name = Release;
		};
		A762C4A81D95C582009B9BFB /* Debug */ = {
			isa = XCBuildConfiguration;
			baseConfigurationReference = 1EB531E03B08F590F34704C7 /* Pods-leanplumButtonUITests.debug.xcconfig */;
			buildSettings = {
				INFOPLIST_FILE = leanplumButtonUITests/Info.plist;
				LD_RUNPATH_SEARCH_PATHS = "$(inherited) @executable_path/Frameworks @loader_path/Frameworks";
				PRODUCT_BUNDLE_IDENTIFIER = thomas.wolfe.leanplumButtonUITests;
				PRODUCT_NAME = "$(TARGET_NAME)";
				TEST_TARGET_NAME = leanplumButton;
			};
			name = Debug;
		};
		A762C4A91D95C582009B9BFB /* Release */ = {
			isa = XCBuildConfiguration;
			baseConfigurationReference = 5D6292831CB00E5BBBECC3C4 /* Pods-leanplumButtonUITests.release.xcconfig */;
			buildSettings = {
				INFOPLIST_FILE = leanplumButtonUITests/Info.plist;
				LD_RUNPATH_SEARCH_PATHS = "$(inherited) @executable_path/Frameworks @loader_path/Frameworks";
				PRODUCT_BUNDLE_IDENTIFIER = thomas.wolfe.leanplumButtonUITests;
				PRODUCT_NAME = "$(TARGET_NAME)";
				TEST_TARGET_NAME = leanplumButton;
			};
			name = Release;
		};
/* End XCBuildConfiguration section */

/* Begin XCConfigurationList section */
		A762C46F1D95C581009B9BFB /* Build configuration list for PBXProject "leanplumButton" */ = {
			isa = XCConfigurationList;
			buildConfigurations = (
				A762C49F1D95C582009B9BFB /* Debug */,
				A762C4A01D95C582009B9BFB /* Release */,
			);
			defaultConfigurationIsVisible = 0;
			defaultConfigurationName = Release;
		};
		A762C4A11D95C582009B9BFB /* Build configuration list for PBXNativeTarget "leanplumButton" */ = {
			isa = XCConfigurationList;
			buildConfigurations = (
				A762C4A21D95C582009B9BFB /* Debug */,
				A762C4A31D95C582009B9BFB /* Release */,
			);
			defaultConfigurationIsVisible = 0;
			defaultConfigurationName = Release;
		};
		A762C4A41D95C582009B9BFB /* Build configuration list for PBXNativeTarget "leanplumButtonTests" */ = {
			isa = XCConfigurationList;
			buildConfigurations = (
				A762C4A51D95C582009B9BFB /* Debug */,
				A762C4A61D95C582009B9BFB /* Release */,
			);
			defaultConfigurationIsVisible = 0;
			defaultConfigurationName = Release;
		};
		A762C4A71D95C582009B9BFB /* Build configuration list for PBXNativeTarget "leanplumButtonUITests" */ = {
			isa = XCConfigurationList;
			buildConfigurations = (
				A762C4A81D95C582009B9BFB /* Debug */,
				A762C4A91D95C582009B9BFB /* Release */,
			);
			defaultConfigurationIsVisible = 0;
			defaultConfigurationName = Release;
		};
/* End XCConfigurationList section */
	};
	rootObject = A762C46C1D95C581009B9BFB /* Project object */;
}
